
Microsoft Visual Studio Solution File, Format Version 12.00
# Visual Studio Version 16
VisualStudioVersion = 16.0.28729.10
MinimumVisualStudioVersion = 10.0.40219.1
Project("{FAE04EC0-301F-11D3-BF4B-00C04F79EFBC}") = "FinalProj", "FinalPrij\FinalProj.csproj", "{248E993E-4822-415C-95B5-67DF56C0E28B}"
EndProject
Global
	GlobalSection(SolutionConfigurationPlatforms) = preSolution
		Debug|Any CPU = Debug|Any CPU
		Release|Any CPU = Release|Any CPU
	EndGlobalSection
	GlobalSection(ProjectConfigurationPlatforms) = postSolution
		{248E993E-4822-415C-95B5-67DF56C0E28B}.Debug|Any CPU.ActiveCfg = Debug|Any CPU
		{248E993E-4822-415C-95B5-67DF56C0E28B}.Debug|Any CPU.Build.0 = Debug|Any CPU
		{248E993E-4822-415C-95B5-67DF56C0E28B}.Release|Any CPU.ActiveCfg = Release|Any CPU
		{248E993E-4822-415C-95B5-67DF56C0E28B}.Release|Any CPU.Build.0 = Release|Any CPU
	EndGlobalSection
	GlobalSection(SolutionProperties) = preSolution
		HideSolutionNode = FALSE
	EndGlobalSection
	GlobalSection(ExtensibilityGlobals) = postSolution
		SolutionGuid = {88B4948B-BFED-46CD-A5A6-B11469E261FE}
	EndGlobalSection
EndGlobal
